
Microsoft Visual Studio Solution File, Format Version 12.00
# Visual Studio Version 17
VisualStudioVersion = 17.10.35027.167
MinimumVisualStudioVersion = 10.0.40219.1
Project("{FAE04EC0-301F-11D3-BF4B-00C04F79EFBC}") = "TelerikReportWebAPI", "TelerikReportWebAPI\TelerikReportWebAPI.csproj", "{4E358D49-4C67-4BF0-82C2-3B3198B8AAAF}"
EndProject
Project("{9A19103F-16F7-4668-BE54-9A1E7A4F7556}") = "QuerySqlDatabase", "QuerySqlDatabase\QuerySqlDatabase.csproj", "{256F4D4D-E500-403E-8909-77F195979126}"
EndProject
Global
	GlobalSection(SolutionConfigurationPlatforms) = preSolution
		Debug|Any CPU = Debug|Any CPU
		Release|Any CPU = Release|Any CPU
	EndGlobalSection
	GlobalSection(ProjectConfigurationPlatforms) = postSolution
		{4E358D49-4C67-4BF0-82C2-3B3198B8AAAF}.Debug|Any CPU.ActiveCfg = Debug|Any CPU
		{4E358D49-4C67-4BF0-82C2-3B3198B8AAAF}.Debug|Any CPU.Build.0 = Debug|Any CPU
		{4E358D49-4C67-4BF0-82C2-3B3198B8AAAF}.Release|Any CPU.ActiveCfg = Release|Any CPU
		{4E358D49-4C67-4BF0-82C2-3B3198B8AAAF}.Release|Any CPU.Build.0 = Release|Any CPU
		{256F4D4D-E500-403E-8909-77F195979126}.Debug|Any CPU.ActiveCfg = Debug|Any CPU
		{256F4D4D-E500-403E-8909-77F195979126}.Debug|Any CPU.Build.0 = Debug|Any CPU
		{256F4D4D-E500-403E-8909-77F195979126}.Release|Any CPU.ActiveCfg = Release|Any CPU
		{256F4D4D-E500-403E-8909-77F195979126}.Release|Any CPU.Build.0 = Release|Any CPU
	EndGlobalSection
	GlobalSection(SolutionProperties) = preSolution
		HideSolutionNode = FALSE
	EndGlobalSection
	GlobalSection(ExtensibilityGlobals) = postSolution
		SolutionGuid = {00798B85-47AD-4D28-B1D6-DB35991CC0BD}
	EndGlobalSection
EndGlobal
